// !$*UTF8*$!
{
	archiveVersion = 1;
	classes = {
	};
	objectVersion = 56;
	objects = {

/* Begin PBXBuildFile section */
		04100DEA2A1B538600160C69 /* FoodInformationView.swift in Sources */ = {isa = PBXBuildFile; fileRef = 04100DE92A1B538600160C69 /* FoodInformationView.swift */; };
		04100DED2A1B543000160C69 /* Food.swift in Sources */ = {isa = PBXBuildFile; fileRef = 04100DEC2A1B543000160C69 /* Food.swift */; };
		044D50252A18C05800DE0AD4 /* ContentView.swift in Sources */ = {isa = PBXBuildFile; fileRef = 04FBE79A2A11C61200059DBF /* ContentView.swift */; };
		04703BB92A1A19C1008723A7 /* SignInView.swift in Sources */ = {isa = PBXBuildFile; fileRef = 04703BB82A1A19C1008723A7 /* SignInView.swift */; };
		04703BBD2A1A2894008723A7 /* SignUpView.swift in Sources */ = {isa = PBXBuildFile; fileRef = 04703BBC2A1A2894008723A7 /* SignUpView.swift */; };
		04BB453E2A18F81100539210 /* IntroductionView.swift in Sources */ = {isa = PBXBuildFile; fileRef = 04BB453D2A18F81100539210 /* IntroductionView.swift */; };
		04DBD86A2A18C6BA0037792E /* HomeView.swift in Sources */ = {isa = PBXBuildFile; fileRef = 04DBD8692A18C6BA0037792E /* HomeView.swift */; };
		04DBD8802A18CE340037792E /* Poppins-ExtraLight.ttf in Resources */ = {isa = PBXBuildFile; fileRef = 04DBD86D2A18CE340037792E /* Poppins-ExtraLight.ttf */; };
		04DBD8812A18CE340037792E /* Poppins-ThinItalic.ttf in Resources */ = {isa = PBXBuildFile; fileRef = 04DBD86E2A18CE340037792E /* Poppins-ThinItalic.ttf */; };
		04DBD8822A18CE340037792E /* Poppins-ExtraLightItalic.ttf in Resources */ = {isa = PBXBuildFile; fileRef = 04DBD86F2A18CE340037792E /* Poppins-ExtraLightItalic.ttf */; };
		04DBD8832A18CE340037792E /* Poppins-BoldItalic.ttf in Resources */ = {isa = PBXBuildFile; fileRef = 04DBD8702A18CE340037792E /* Poppins-BoldItalic.ttf */; };
		04DBD8842A18CE340037792E /* Poppins-Light.ttf in Resources */ = {isa = PBXBuildFile; fileRef = 04DBD8712A18CE340037792E /* Poppins-Light.ttf */; };
		04DBD8852A18CE340037792E /* Poppins-Medium.ttf in Resources */ = {isa = PBXBuildFile; fileRef = 04DBD8722A18CE340037792E /* Poppins-Medium.ttf */; };
		04DBD8862A18CE340037792E /* Poppins-SemiBoldItalic.ttf in Resources */ = {isa = PBXBuildFile; fileRef = 04DBD8732A18CE340037792E /* Poppins-SemiBoldItalic.ttf */; };
		04DBD8872A18CE340037792E /* Poppins-ExtraBoldItalic.ttf in Resources */ = {isa = PBXBuildFile; fileRef = 04DBD8742A18CE340037792E /* Poppins-ExtraBoldItalic.ttf */; };
		04DBD8882A18CE340037792E /* Poppins-ExtraBold.ttf in Resources */ = {isa = PBXBuildFile; fileRef = 04DBD8752A18CE340037792E /* Poppins-ExtraBold.ttf */; };
		04DBD8892A18CE340037792E /* Poppins-BlackItalic.ttf in Resources */ = {isa = PBXBuildFile; fileRef = 04DBD8762A18CE340037792E /* Poppins-BlackItalic.ttf */; };
		04DBD88A2A18CE340037792E /* OFL.txt in Resources */ = {isa = PBXBuildFile; fileRef = 04DBD8772A18CE340037792E /* OFL.txt */; };
		04DBD88B2A18CE340037792E /* Poppins-Regular.ttf in Resources */ = {isa = PBXBuildFile; fileRef = 04DBD8782A18CE340037792E /* Poppins-Regular.ttf */; };
		04DBD88C2A18CE340037792E /* Poppins-LightItalic.ttf in Resources */ = {isa = PBXBuildFile; fileRef = 04DBD8792A18CE340037792E /* Poppins-LightItalic.ttf */; };
		04DBD88D2A18CE340037792E /* Poppins-Bold.ttf in Resources */ = {isa = PBXBuildFile; fileRef = 04DBD87A2A18CE340037792E /* Poppins-Bold.ttf */; };
		04DBD88E2A18CE340037792E /* Poppins-Black.ttf in Resources */ = {isa = PBXBuildFile; fileRef = 04DBD87B2A18CE340037792E /* Poppins-Black.ttf */; };
		04DBD88F2A18CE340037792E /* Poppins-Thin.ttf in Resources */ = {isa = PBXBuildFile; fileRef = 04DBD87C2A18CE340037792E /* Poppins-Thin.ttf */; };
		04DBD8902A18CE340037792E /* Poppins-SemiBold.ttf in Resources */ = {isa = PBXBuildFile; fileRef = 04DBD87D2A18CE340037792E /* Poppins-SemiBold.ttf */; };
		04DBD8912A18CE340037792E /* Poppins-Italic.ttf in Resources */ = {isa = PBXBuildFile; fileRef = 04DBD87E2A18CE340037792E /* Poppins-Italic.ttf */; };
		04DBD8922A18CE340037792E /* Poppins-MediumItalic.ttf in Resources */ = {isa = PBXBuildFile; fileRef = 04DBD87F2A18CE340037792E /* Poppins-MediumItalic.ttf */; };
		04DBD89C2A18F27A0037792E /* FoodDetailView.swift in Sources */ = {isa = PBXBuildFile; fileRef = 04DBD89B2A18F27A0037792E /* FoodDetailView.swift */; };
		04DBD89F2A18F54F0037792E /* UIColor.swift in Sources */ = {isa = PBXBuildFile; fileRef = 04DBD89E2A18F54F0037792E /* UIColor.swift */; };
		04DBD8A12A18F57F0037792E /* InputView.swift in Sources */ = {isa = PBXBuildFile; fileRef = 04DBD8A02A18F57F0037792E /* InputView.swift */; };
		04E203792A1BA13800F61375 /* FoodViewModel.swift in Sources */ = {isa = PBXBuildFile; fileRef = 04E203782A1BA13800F61375 /* FoodViewModel.swift */; };
		04FBE7992A11C61200059DBF /* BmiBrosApp.swift in Sources */ = {isa = PBXBuildFile; fileRef = 04FBE7982A11C61200059DBF /* BmiBrosApp.swift */; };
		04FBE79D2A11C61400059DBF /* Assets.xcassets in Resources */ = {isa = PBXBuildFile; fileRef = 04FBE79C2A11C61400059DBF /* Assets.xcassets */; };
		04FBE7A02A11C61400059DBF /* Preview Assets.xcassets in Resources */ = {isa = PBXBuildFile; fileRef = 04FBE79F2A11C61400059DBF /* Preview Assets.xcassets */; };
/* End PBXBuildFile section */

/* Begin PBXFileReference section */
		04100DE92A1B538600160C69 /* FoodInformationView.swift */ = {isa = PBXFileReference; lastKnownFileType = sourcecode.swift; path = FoodInformationView.swift; sourceTree = "<group>"; };
		04100DEC2A1B543000160C69 /* Food.swift */ = {isa = PBXFileReference; lastKnownFileType = sourcecode.swift; path = Food.swift; sourceTree = "<group>"; };
		04100DF02A1B957D00160C69 /* BmiBros.entitlements */ = {isa = PBXFileReference; lastKnownFileType = text.plist.entitlements; path = BmiBros.entitlements; sourceTree = "<group>"; };
		04703BB82A1A19C1008723A7 /* SignInView.swift */ = {isa = PBXFileReference; lastKnownFileType = sourcecode.swift; path = SignInView.swift; sourceTree = "<group>"; };
		04703BBC2A1A2894008723A7 /* SignUpView.swift */ = {isa = PBXFileReference; lastKnownFileType = sourcecode.swift; path = SignUpView.swift; sourceTree = "<group>"; };
		04BB453D2A18F81100539210 /* IntroductionView.swift */ = {isa = PBXFileReference; lastKnownFileType = sourcecode.swift; path = IntroductionView.swift; sourceTree = "<group>"; };
		04DBD8692A18C6BA0037792E /* HomeView.swift */ = {isa = PBXFileReference; lastKnownFileType = sourcecode.swift; path = HomeView.swift; sourceTree = "<group>"; };
		04DBD86D2A18CE340037792E /* Poppins-ExtraLight.ttf */ = {isa = PBXFileReference; lastKnownFileType = file; path = "Poppins-ExtraLight.ttf"; sourceTree = "<group>"; };
		04DBD86E2A18CE340037792E /* Poppins-ThinItalic.ttf */ = {isa = PBXFileReference; lastKnownFileType = file; path = "Poppins-ThinItalic.ttf"; sourceTree = "<group>"; };
		04DBD86F2A18CE340037792E /* Poppins-ExtraLightItalic.ttf */ = {isa = PBXFileReference; lastKnownFileType = file; path = "Poppins-ExtraLightItalic.ttf"; sourceTree = "<group>"; };
		04DBD8702A18CE340037792E /* Poppins-BoldItalic.ttf */ = {isa = PBXFileReference; lastKnownFileType = file; path = "Poppins-BoldItalic.ttf"; sourceTree = "<group>"; };
		04DBD8712A18CE340037792E /* Poppins-Light.ttf */ = {isa = PBXFileReference; lastKnownFileType = file; path = "Poppins-Light.ttf"; sourceTree = "<group>"; };
		04DBD8722A18CE340037792E /* Poppins-Medium.ttf */ = {isa = PBXFileReference; lastKnownFileType = file; path = "Poppins-Medium.ttf"; sourceTree = "<group>"; };
		04DBD8732A18CE340037792E /* Poppins-SemiBoldItalic.ttf */ = {isa = PBXFileReference; lastKnownFileType = file; path = "Poppins-SemiBoldItalic.ttf"; sourceTree = "<group>"; };
		04DBD8742A18CE340037792E /* Poppins-ExtraBoldItalic.ttf */ = {isa = PBXFileReference; lastKnownFileType = file; path = "Poppins-ExtraBoldItalic.ttf"; sourceTree = "<group>"; };
		04DBD8752A18CE340037792E /* Poppins-ExtraBold.ttf */ = {isa = PBXFileReference; lastKnownFileType = file; path = "Poppins-ExtraBold.ttf"; sourceTree = "<group>"; };
		04DBD8762A18CE340037792E /* Poppins-BlackItalic.ttf */ = {isa = PBXFileReference; lastKnownFileType = file; path = "Poppins-BlackItalic.ttf"; sourceTree = "<group>"; };
		04DBD8772A18CE340037792E /* OFL.txt */ = {isa = PBXFileReference; fileEncoding = 4; lastKnownFileType = text; path = OFL.txt; sourceTree = "<group>"; };
		04DBD8782A18CE340037792E /* Poppins-Regular.ttf */ = {isa = PBXFileReference; lastKnownFileType = file; path = "Poppins-Regular.ttf"; sourceTree = "<group>"; };
		04DBD8792A18CE340037792E /* Poppins-LightItalic.ttf */ = {isa = PBXFileReference; lastKnownFileType = file; path = "Poppins-LightItalic.ttf"; sourceTree = "<group>"; };
		04DBD87A2A18CE340037792E /* Poppins-Bold.ttf */ = {isa = PBXFileReference; lastKnownFileType = file; path = "Poppins-Bold.ttf"; sourceTree = "<group>"; };
		04DBD87B2A18CE340037792E /* Poppins-Black.ttf */ = {isa = PBXFileReference; lastKnownFileType = file; path = "Poppins-Black.ttf"; sourceTree = "<group>"; };
		04DBD87C2A18CE340037792E /* Poppins-Thin.ttf */ = {isa = PBXFileReference; lastKnownFileType = file; path = "Poppins-Thin.ttf"; sourceTree = "<group>"; };
		04DBD87D2A18CE340037792E /* Poppins-SemiBold.ttf */ = {isa = PBXFileReference; lastKnownFileType = file; path = "Poppins-SemiBold.ttf"; sourceTree = "<group>"; };
		04DBD87E2A18CE340037792E /* Poppins-Italic.ttf */ = {isa = PBXFileReference; lastKnownFileType = file; path = "Poppins-Italic.ttf"; sourceTree = "<group>"; };
		04DBD87F2A18CE340037792E /* Poppins-MediumItalic.ttf */ = {isa = PBXFileReference; lastKnownFileType = file; path = "Poppins-MediumItalic.ttf"; sourceTree = "<group>"; };
		04DBD89B2A18F27A0037792E /* FoodDetailView.swift */ = {isa = PBXFileReference; lastKnownFileType = sourcecode.swift; path = FoodDetailView.swift; sourceTree = "<group>"; };
		04DBD89E2A18F54F0037792E /* UIColor.swift */ = {isa = PBXFileReference; lastKnownFileType = sourcecode.swift; path = UIColor.swift; sourceTree = "<group>"; };
		04DBD8A02A18F57F0037792E /* InputView.swift */ = {isa = PBXFileReference; lastKnownFileType = sourcecode.swift; path = InputView.swift; sourceTree = "<group>"; };
		04E203782A1BA13800F61375 /* FoodViewModel.swift */ = {isa = PBXFileReference; lastKnownFileType = sourcecode.swift; path = FoodViewModel.swift; sourceTree = "<group>"; };
		04FBE7952A11C61200059DBF /* BmiBros.app */ = {isa = PBXFileReference; explicitFileType = wrapper.application; includeInIndex = 0; path = BmiBros.app; sourceTree = BUILT_PRODUCTS_DIR; };
		04FBE7982A11C61200059DBF /* BmiBrosApp.swift */ = {isa = PBXFileReference; lastKnownFileType = sourcecode.swift; path = BmiBrosApp.swift; sourceTree = "<group>"; };
		04FBE79A2A11C61200059DBF /* ContentView.swift */ = {isa = PBXFileReference; lastKnownFileType = sourcecode.swift; path = ContentView.swift; sourceTree = "<group>"; };
		04FBE79C2A11C61400059DBF /* Assets.xcassets */ = {isa = PBXFileReference; lastKnownFileType = folder.assetcatalog; path = Assets.xcassets; sourceTree = "<group>"; };
		04FBE79F2A11C61400059DBF /* Preview Assets.xcassets */ = {isa = PBXFileReference; lastKnownFileType = folder.assetcatalog; path = "Preview Assets.xcassets"; sourceTree = "<group>"; };
/* End PBXFileReference section */

/* Begin PBXFrameworksBuildPhase section */
		04FBE7922A11C61200059DBF /* Frameworks */ = {
			isa = PBXFrameworksBuildPhase;
			buildActionMask = 2147483647;
			files = (
			);
			runOnlyForDeploymentPostprocessing = 0;
		};
/* End PBXFrameworksBuildPhase section */

/* Begin PBXGroup section */
		04100DEB2A1B540700160C69 /* Model */ = {
			isa = PBXGroup;
			children = (
				04100DEC2A1B543000160C69 /* Food.swift */,
			);
			path = Model;
			sourceTree = "<group>";
		};
		04DBD8662A18C2F70037792E /* View */ = {
			isa = PBXGroup;
			children = (
				04FBE79A2A11C61200059DBF /* ContentView.swift */,
				04DBD8692A18C6BA0037792E /* HomeView.swift */,
				04100DE92A1B538600160C69 /* FoodInformationView.swift */,
				04DBD89B2A18F27A0037792E /* FoodDetailView.swift */,
				04DBD8A02A18F57F0037792E /* InputView.swift */,
				04BB453D2A18F81100539210 /* IntroductionView.swift */,
				04703BB82A1A19C1008723A7 /* SignInView.swift */,
				04703BBC2A1A2894008723A7 /* SignUpView.swift */,
			);
			path = View;
			sourceTree = "<group>";
		};
		04DBD86C2A18CE340037792E /* Poppins */ = {
			isa = PBXGroup;
			children = (
				04DBD86D2A18CE340037792E /* Poppins-ExtraLight.ttf */,
				04DBD86E2A18CE340037792E /* Poppins-ThinItalic.ttf */,
				04DBD86F2A18CE340037792E /* Poppins-ExtraLightItalic.ttf */,
				04DBD8702A18CE340037792E /* Poppins-BoldItalic.ttf */,
				04DBD8712A18CE340037792E /* Poppins-Light.ttf */,
				04DBD8722A18CE340037792E /* Poppins-Medium.ttf */,
				04DBD8732A18CE340037792E /* Poppins-SemiBoldItalic.ttf */,
				04DBD8742A18CE340037792E /* Poppins-ExtraBoldItalic.ttf */,
				04DBD8752A18CE340037792E /* Poppins-ExtraBold.ttf */,
				04DBD8762A18CE340037792E /* Poppins-BlackItalic.ttf */,
				04DBD8772A18CE340037792E /* OFL.txt */,
				04DBD8782A18CE340037792E /* Poppins-Regular.ttf */,
				04DBD8792A18CE340037792E /* Poppins-LightItalic.ttf */,
				04DBD87A2A18CE340037792E /* Poppins-Bold.ttf */,
				04DBD87B2A18CE340037792E /* Poppins-Black.ttf */,
				04DBD87C2A18CE340037792E /* Poppins-Thin.ttf */,
				04DBD87D2A18CE340037792E /* Poppins-SemiBold.ttf */,
				04DBD87E2A18CE340037792E /* Poppins-Italic.ttf */,
				04DBD87F2A18CE340037792E /* Poppins-MediumItalic.ttf */,
			);
			path = Poppins;
			sourceTree = "<group>";
		};
		04DBD89D2A18F5110037792E /* Resources */ = {
			isa = PBXGroup;
			children = (
				04DBD89E2A18F54F0037792E /* UIColor.swift */,
			);
			path = Resources;
			sourceTree = "<group>";
		};
		04E203772A1BA0D400F61375 /* ViewModels */ = {
			isa = PBXGroup;
			children = (
				04E203782A1BA13800F61375 /* FoodViewModel.swift */,
			);
			path = ViewModels;
			sourceTree = "<group>";
		};
		04FBE78C2A11C61200059DBF = {
			isa = PBXGroup;
			children = (
				04DBD86C2A18CE340037792E /* Poppins */,
				04FBE7972A11C61200059DBF /* BmiBros */,
				04FBE7962A11C61200059DBF /* Products */,
			);
			sourceTree = "<group>";
		};
		04FBE7962A11C61200059DBF /* Products */ = {
			isa = PBXGroup;
			children = (
				04FBE7952A11C61200059DBF /* BmiBros.app */,
			);
			name = Products;
			sourceTree = "<group>";
		};
		04FBE7972A11C61200059DBF /* BmiBros */ = {
			isa = PBXGroup;
			children = (
				04100DF02A1B957D00160C69 /* BmiBros.entitlements */,
				04FBE7982A11C61200059DBF /* BmiBrosApp.swift */,
				04DBD8662A18C2F70037792E /* View */,
				04E203772A1BA0D400F61375 /* ViewModels */,
				04100DEB2A1B540700160C69 /* Model */,
				04DBD89D2A18F5110037792E /* Resources */,
				04FBE79C2A11C61400059DBF /* Assets.xcassets */,
				04FBE79E2A11C61400059DBF /* Preview Content */,
			);
			path = BmiBros;
			sourceTree = "<group>";
		};
		04FBE79E2A11C61400059DBF /* Preview Content */ = {
			isa = PBXGroup;
			children = (
				04FBE79F2A11C61400059DBF /* Preview Assets.xcassets */,
			);
			path = "Preview Content";
			sourceTree = "<group>";
		};
/* End PBXGroup section */

/* Begin PBXNativeTarget section */
		04FBE7942A11C61200059DBF /* BmiBros */ = {
			isa = PBXNativeTarget;
			buildConfigurationList = 04FBE7A32A11C61400059DBF /* Build configuration list for PBXNativeTarget "BmiBros" */;
			buildPhases = (
				04FBE7912A11C61200059DBF /* Sources */,
				04FBE7922A11C61200059DBF /* Frameworks */,
				04FBE7932A11C61200059DBF /* Resources */,
			);
			buildRules = (
			);
			dependencies = (
			);
			name = BmiBros;
			productName = BmiBros;
			productReference = 04FBE7952A11C61200059DBF /* BmiBros.app */;
			productType = "com.apple.product-type.application";
		};
/* End PBXNativeTarget section */

/* Begin PBXProject section */
		04FBE78D2A11C61200059DBF /* Project object */ = {
			isa = PBXProject;
			attributes = {
				BuildIndependentTargetsInParallel = 1;
				LastSwiftUpdateCheck = 1420;
				LastUpgradeCheck = 1420;
				TargetAttributes = {
					04FBE7942A11C61200059DBF = {
						CreatedOnToolsVersion = 14.2;
					};
				};
			};
			buildConfigurationList = 04FBE7902A11C61200059DBF /* Build configuration list for PBXProject "BmiBros" */;
			compatibilityVersion = "Xcode 14.0";
			developmentRegion = en;
			hasScannedForEncodings = 0;
			knownRegions = (
				en,
				Base,
			);
			mainGroup = 04FBE78C2A11C61200059DBF;
			productRefGroup = 04FBE7962A11C61200059DBF /* Products */;
			projectDirPath = "";
			projectRoot = "";
			targets = (
				04FBE7942A11C61200059DBF /* BmiBros */,
			);
		};
/* End PBXProject section */

/* Begin PBXResourcesBuildPhase section */
		04FBE7932A11C61200059DBF /* Resources */ = {
			isa = PBXResourcesBuildPhase;
			buildActionMask = 2147483647;
			files = (
				04DBD8842A18CE340037792E /* Poppins-Light.ttf in Resources */,
				04DBD88E2A18CE340037792E /* Poppins-Black.ttf in Resources */,
				04DBD88C2A18CE340037792E /* Poppins-LightItalic.ttf in Resources */,
				04DBD88F2A18CE340037792E /* Poppins-Thin.ttf in Resources */,
				04DBD8802A18CE340037792E /* Poppins-ExtraLight.ttf in Resources */,
				04DBD8902A18CE340037792E /* Poppins-SemiBold.ttf in Resources */,
				04DBD88D2A18CE340037792E /* Poppins-Bold.ttf in Resources */,
				04DBD8812A18CE340037792E /* Poppins-ThinItalic.ttf in Resources */,
				04DBD8822A18CE340037792E /* Poppins-ExtraLightItalic.ttf in Resources */,
				04DBD8892A18CE340037792E /* Poppins-BlackItalic.ttf in Resources */,
				04DBD8872A18CE340037792E /* Poppins-ExtraBoldItalic.ttf in Resources */,
				04DBD8832A18CE340037792E /* Poppins-BoldItalic.ttf in Resources */,
				04DBD8862A18CE340037792E /* Poppins-SemiBoldItalic.ttf in Resources */,
				04DBD88A2A18CE340037792E /* OFL.txt in Resources */,
				04DBD88B2A18CE340037792E /* Poppins-Regular.ttf in Resources */,
				04DBD8882A18CE340037792E /* Poppins-ExtraBold.ttf in Resources */,
				04DBD8852A18CE340037792E /* Poppins-Medium.ttf in Resources */,
				04FBE7A02A11C61400059DBF /* Preview Assets.xcassets in Resources */,
				04DBD8912A18CE340037792E /* Poppins-Italic.ttf in Resources */,
				04DBD8922A18CE340037792E /* Poppins-MediumItalic.ttf in Resources */,
				04FBE79D2A11C61400059DBF /* Assets.xcassets in Resources */,
			);
			runOnlyForDeploymentPostprocessing = 0;
		};
/* End PBXResourcesBuildPhase section */

/* Begin PBXSourcesBuildPhase section */
		04FBE7912A11C61200059DBF /* Sources */ = {
			isa = PBXSourcesBuildPhase;
			buildActionMask = 2147483647;
			files = (
				04100DED2A1B543000160C69 /* Food.swift in Sources */,
				044D50252A18C05800DE0AD4 /* ContentView.swift in Sources */,
				04E203792A1BA13800F61375 /* FoodViewModel.swift in Sources */,
				04DBD89C2A18F27A0037792E /* FoodDetailView.swift in Sources */,
				04BB453E2A18F81100539210 /* IntroductionView.swift in Sources */,
				04100DEA2A1B538600160C69 /* FoodInformationView.swift in Sources */,
				04FBE7992A11C61200059DBF /* BmiBrosApp.swift in Sources */,
				04DBD8A12A18F57F0037792E /* InputView.swift in Sources */,
				04DBD86A2A18C6BA0037792E /* HomeView.swift in Sources */,
				04703BB92A1A19C1008723A7 /* SignInView.swift in Sources */,
				04703BBD2A1A2894008723A7 /* SignUpView.swift in Sources */,
				04DBD89F2A18F54F0037792E /* UIColor.swift in Sources */,
			);
			runOnlyForDeploymentPostprocessing = 0;
		};
/* End PBXSourcesBuildPhase section */

/* Begin XCBuildConfiguration section */
		04FBE7A12A11C61400059DBF /* Debug */ = {
			isa = XCBuildConfiguration;
			buildSettings = {
				ALWAYS_SEARCH_USER_PATHS = NO;
				CLANG_ANALYZER_NONNULL = YES;
				CLANG_ANALYZER_NUMBER_OBJECT_CONVERSION = YES_AGGRESSIVE;
				CLANG_CXX_LANGUAGE_STANDARD = "gnu++20";
				CLANG_ENABLE_MODULES = YES;
				CLANG_ENABLE_OBJC_ARC = YES;
				CLANG_ENABLE_OBJC_WEAK = YES;
				CLANG_WARN_BLOCK_CAPTURE_AUTORELEASING = YES;
				CLANG_WARN_BOOL_CONVERSION = YES;
				CLANG_WARN_COMMA = YES;
				CLANG_WARN_CONSTANT_CONVERSION = YES;
				CLANG_WARN_DEPRECATED_OBJC_IMPLEMENTATIONS = YES;
				CLANG_WARN_DIRECT_OBJC_ISA_USAGE = YES_ERROR;
				CLANG_WARN_DOCUMENTATION_COMMENTS = YES;
				CLANG_WARN_EMPTY_BODY = YES;
				CLANG_WARN_ENUM_CONVERSION = YES;
				CLANG_WARN_INFINITE_RECURSION = YES;
				CLANG_WARN_INT_CONVERSION = YES;
				CLANG_WARN_NON_LITERAL_NULL_CONVERSION = YES;
				CLANG_WARN_OBJC_IMPLICIT_RETAIN_SELF = YES;
				CLANG_WARN_OBJC_LITERAL_CONVERSION = YES;
				CLANG_WARN_OBJC_ROOT_CLASS = YES_ERROR;
				CLANG_WARN_QUOTED_INCLUDE_IN_FRAMEWORK_HEADER = YES;
				CLANG_WARN_RANGE_LOOP_ANALYSIS = YES;
				CLANG_WARN_STRICT_PROTOTYPES = YES;
				CLANG_WARN_SUSPICIOUS_MOVE = YES;
				CLANG_WARN_UNGUARDED_AVAILABILITY = YES_AGGRESSIVE;
				CLANG_WARN_UNREACHABLE_CODE = YES;
				CLANG_WARN__DUPLICATE_METHOD_MATCH = YES;
				COPY_PHASE_STRIP = NO;
				DEBUG_INFORMATION_FORMAT = dwarf;
				ENABLE_STRICT_OBJC_MSGSEND = YES;
				ENABLE_TESTABILITY = YES;
				GCC_C_LANGUAGE_STANDARD = gnu11;
				GCC_DYNAMIC_NO_PIC = NO;
				GCC_NO_COMMON_BLOCKS = YES;
				GCC_OPTIMIZATION_LEVEL = 0;
				GCC_PREPROCESSOR_DEFINITIONS = (
					"DEBUG=1",
					"$(inherited)",
				);
				GCC_WARN_64_TO_32_BIT_CONVERSION = YES;
				GCC_WARN_ABOUT_RETURN_TYPE = YES_ERROR;
				GCC_WARN_UNDECLARED_SELECTOR = YES;
				GCC_WARN_UNINITIALIZED_AUTOS = YES_AGGRESSIVE;
				GCC_WARN_UNUSED_FUNCTION = YES;
				GCC_WARN_UNUSED_VARIABLE = YES;
				IPHONEOS_DEPLOYMENT_TARGET = 16.2;
				MTL_ENABLE_DEBUG_INFO = INCLUDE_SOURCE;
				MTL_FAST_MATH = YES;
				ONLY_ACTIVE_ARCH = YES;
				SDKROOT = iphoneos;
				SWIFT_ACTIVE_COMPILATION_CONDITIONS = DEBUG;
				SWIFT_OPTIMIZATION_LEVEL = "-Onone";
			};
			name = Debug;
		};
		04FBE7A22A11C61400059DBF /* Release */ = {
			isa = XCBuildConfiguration;
			buildSettings = {
				ALWAYS_SEARCH_USER_PATHS = NO;
				CLANG_ANALYZER_NONNULL = YES;
				CLANG_ANALYZER_NUMBER_OBJECT_CONVERSION = YES_AGGRESSIVE;
				CLANG_CXX_LANGUAGE_STANDARD = "gnu++20";
				CLANG_ENABLE_MODULES = YES;
				CLANG_ENABLE_OBJC_ARC = YES;
				CLANG_ENABLE_OBJC_WEAK = YES;
				CLANG_WARN_BLOCK_CAPTURE_AUTORELEASING = YES;
				CLANG_WARN_BOOL_CONVERSION = YES;
				CLANG_WARN_COMMA = YES;
				CLANG_WARN_CONSTANT_CONVERSION = YES;
				CLANG_WARN_DEPRECATED_OBJC_IMPLEMENTATIONS = YES;
				CLANG_WARN_DIRECT_OBJC_ISA_USAGE = YES_ERROR;
				CLANG_WARN_DOCUMENTATION_COMMENTS = YES;
				CLANG_WARN_EMPTY_BODY = YES;
				CLANG_WARN_ENUM_CONVERSION = YES;
				CLANG_WARN_INFINITE_RECURSION = YES;
				CLANG_WARN_INT_CONVERSION = YES;
				CLANG_WARN_NON_LITERAL_NULL_CONVERSION = YES;
				CLANG_WARN_OBJC_IMPLICIT_RETAIN_SELF = YES;
				CLANG_WARN_OBJC_LITERAL_CONVERSION = YES;
				CLANG_WARN_OBJC_ROOT_CLASS = YES_ERROR;
				CLANG_WARN_QUOTED_INCLUDE_IN_FRAMEWORK_HEADER = YES;
				CLANG_WARN_RANGE_LOOP_ANALYSIS = YES;
				CLANG_WARN_STRICT_PROTOTYPES = YES;
				CLANG_WARN_SUSPICIOUS_MOVE = YES;
				CLANG_WARN_UNGUARDED_AVAILABILITY = YES_AGGRESSIVE;
				CLANG_WARN_UNREACHABLE_CODE = YES;
				CLANG_WARN__DUPLICATE_METHOD_MATCH = YES;
				COPY_PHASE_STRIP = NO;
				DEBUG_INFORMATION_FORMAT = "dwarf-with-dsym";
				ENABLE_NS_ASSERTIONS = NO;
				ENABLE_STRICT_OBJC_MSGSEND = YES;
				GCC_C_LANGUAGE_STANDARD = gnu11;
				GCC_NO_COMMON_BLOCKS = YES;
				GCC_WARN_64_TO_32_BIT_CONVERSION = YES;
				GCC_WARN_ABOUT_RETURN_TYPE = YES_ERROR;
				GCC_WARN_UNDECLARED_SELECTOR = YES;
				GCC_WARN_UNINITIALIZED_AUTOS = YES_AGGRESSIVE;
				GCC_WARN_UNUSED_FUNCTION = YES;
				GCC_WARN_UNUSED_VARIABLE = YES;
				IPHONEOS_DEPLOYMENT_TARGET = 16.2;
				MTL_ENABLE_DEBUG_INFO = NO;
				MTL_FAST_MATH = YES;
				SDKROOT = iphoneos;
				SWIFT_COMPILATION_MODE = wholemodule;
				SWIFT_OPTIMIZATION_LEVEL = "-O";
				VALIDATE_PRODUCT = YES;
			};
			name = Release;
		};
		04FBE7A42A11C61400059DBF /* Debug */ = {
			isa = XCBuildConfiguration;
			buildSettings = {
				ASSETCATALOG_COMPILER_APPICON_NAME = AppIcon;
				ASSETCATALOG_COMPILER_GLOBAL_ACCENT_COLOR_NAME = AccentColor;
				CODE_SIGN_ENTITLEMENTS = BmiBros/BmiBros.entitlements;
				CODE_SIGN_STYLE = Automatic;
				CURRENT_PROJECT_VERSION = 1;
				DEVELOPMENT_ASSET_PATHS = "\"BmiBros/Preview Content\"";
				DEVELOPMENT_TEAM = "";
				ENABLE_PREVIEWS = YES;
				GENERATE_INFOPLIST_FILE = YES;
				INFOPLIST_FILE = BmiBros/Info.plist;
				INFOPLIST_KEY_UIApplicationSceneManifest_Generation = YES;
				INFOPLIST_KEY_UIApplicationSupportsIndirectInputEvents = YES;
				INFOPLIST_KEY_UISupportedInterfaceOrientations_iPad = "UIInterfaceOrientationPortrait UIInterfaceOrientationPortraitUpsideDown UIInterfaceOrientationLandscapeLeft UIInterfaceOrientationLandscapeRight";
				INFOPLIST_KEY_UISupportedInterfaceOrientations_iPhone = "UIInterfaceOrientationPortrait UIInterfaceOrientationLandscapeLeft UIInterfaceOrientationLandscapeRight";
				IPHONEOS_DEPLOYMENT_TARGET = 16.2;
				LD_RUNPATH_SEARCH_PATHS = (
					"$(inherited)",
					"@executable_path/Frameworks",
				);
				MARKETING_VERSION = 1.0;
				PRODUCT_BUNDLE_IDENTIFIER = KodingKu.BmiBros;
				PRODUCT_NAME = "$(TARGET_NAME)";
				SWIFT_EMIT_LOC_STRINGS = YES;
				SWIFT_VERSION = 5.0;
				TARGETED_DEVICE_FAMILY = "1,2";
			};
			name = Debug;
		};
		04FBE7A52A11C61400059DBF /* Release */ = {
			isa = XCBuildConfiguration;
			buildSettings = {
				ASSETCATALOG_COMPILER_APPICON_NAME = AppIcon;
				ASSETCATALOG_COMPILER_GLOBAL_ACCENT_COLOR_NAME = AccentColor;
				CODE_SIGN_ENTITLEMENTS = BmiBros/BmiBros.entitlements;
				CODE_SIGN_STYLE = Automatic;
				CURRENT_PROJECT_VERSION = 1;
				DEVELOPMENT_ASSET_PATHS = "\"BmiBros/Preview Content\"";
				DEVELOPMENT_TEAM = "";
				ENABLE_PREVIEWS = YES;
				GENERATE_INFOPLIST_FILE = YES;
				INFOPLIST_FILE = BmiBros/Info.plist;
				INFOPLIST_KEY_UIApplicationSceneManifest_Generation = YES;
				INFOPLIST_KEY_UIApplicationSupportsIndirectInputEvents = YES;
				INFOPLIST_KEY_UISupportedInterfaceOrientations_iPad = "UIInterfaceOrientationPortrait UIInterfaceOrientationPortraitUpsideDown UIInterfaceOrientationLandscapeLeft UIInterfaceOrientationLandscapeRight";
				INFOPLIST_KEY_UISupportedInterfaceOrientations_iPhone = "UIInterfaceOrientationPortrait UIInterfaceOrientationLandscapeLeft UIInterfaceOrientationLandscapeRight";
				IPHONEOS_DEPLOYMENT_TARGET = 16.2;
				LD_RUNPATH_SEARCH_PATHS = (
					"$(inherited)",
					"@executable_path/Frameworks",
				);
				MARKETING_VERSION = 1.0;
				PRODUCT_BUNDLE_IDENTIFIER = KodingKu.BmiBros;
				PRODUCT_NAME = "$(TARGET_NAME)";
				SWIFT_EMIT_LOC_STRINGS = YES;
				SWIFT_VERSION = 5.0;
				TARGETED_DEVICE_FAMILY = "1,2";
			};
			name = Release;
		};
/* End XCBuildConfiguration section */

/* Begin XCConfigurationList section */
		04FBE7902A11C61200059DBF /* Build configuration list for PBXProject "BmiBros" */ = {
			isa = XCConfigurationList;
			buildConfigurations = (
				04FBE7A12A11C61400059DBF /* Debug */,
				04FBE7A22A11C61400059DBF /* Release */,
			);
			defaultConfigurationIsVisible = 0;
			defaultConfigurationName = Release;
		};
		04FBE7A32A11C61400059DBF /* Build configuration list for PBXNativeTarget "BmiBros" */ = {
			isa = XCConfigurationList;
			buildConfigurations = (
				04FBE7A42A11C61400059DBF /* Debug */,
				04FBE7A52A11C61400059DBF /* Release */,
			);
			defaultConfigurationIsVisible = 0;
			defaultConfigurationName = Release;
		};
/* End XCConfigurationList section */
	};
	rootObject = 04FBE78D2A11C61200059DBF /* Project object */;
}
